
Microsoft Visual Studio Solution File, Format Version 12.00
# Visual Studio Version 16
VisualStudioVersion = 16.0.30907.101
MinimumVisualStudioVersion = 10.0.40219.1
Project("{FAE04EC0-301F-11D3-BF4B-00C04F79EFBC}") = "Exercise1", "Exercise1\Exercise1.csproj", "{F5FE6015-919A-48F4-8E25-5977BEDBA22F}"
EndProject
Global
	GlobalSection(SolutionConfigurationPlatforms) = preSolution
		Debug|Any CPU = Debug|Any CPU
		Release|Any CPU = Release|Any CPU
	EndGlobalSection
	GlobalSection(ProjectConfigurationPlatforms) = postSolution
		{F5FE6015-919A-48F4-8E25-5977BEDBA22F}.Debug|Any CPU.ActiveCfg = Debug|Any CPU
		{F5FE6015-919A-48F4-8E25-5977BEDBA22F}.Debug|Any CPU.Build.0 = Debug|Any CPU
		{F5FE6015-919A-48F4-8E25-5977BEDBA22F}.Release|Any CPU.ActiveCfg = Release|Any CPU
		{F5FE6015-919A-48F4-8E25-5977BEDBA22F}.Release|Any CPU.Build.0 = Release|Any CPU
	EndGlobalSection
	GlobalSection(SolutionProperties) = preSolution
		HideSolutionNode = FALSE
	EndGlobalSection
	GlobalSection(ExtensibilityGlobals) = postSolution
		SolutionGuid = {4DAC2BBC-E72C-4460-B3B2-0A2A57390CC3}
	EndGlobalSection
EndGlobal
